
Microsoft Visual Studio Solution File, Format Version 12.00
# Visual Studio 15
VisualStudioVersion = 15.0.26730.16
MinimumVisualStudioVersion = 10.0.40219.1
Project("{8BC9CEB8-8B4A-11D0-8D11-00A0C91BC942}") = "WatchDog", "WatchDog\WatchDog.vcxproj", "{C5F80730-F44F-4478-BDAE-6634EFC2CA88}"
EndProject
Project("{8BC9CEB8-8B4A-11D0-8D11-00A0C91BC942}") = "Dallas18B20Multiple", "Dallas18B20Multiple\Dallas18B20Multiple.vcxproj", "{7B967216-6015-4A67-8591-AAB624EBCA6F}"
EndProject
Project("{8BC9CEB8-8B4A-11D0-8D11-00A0C91BC942}") = "Dallas18B20Parasit", "Dallas18B20Parasit\Dallas18B20Parasit.vcxproj", "{AEEDA063-ECAE-4D0A-AB09-5E752CE3CB91}"
EndProject
Global
	GlobalSection(SolutionConfigurationPlatforms) = preSolution
		Debug|x86 = Debug|x86
		Release|x86 = Release|x86
	EndGlobalSection
	GlobalSection(ProjectConfigurationPlatforms) = postSolution
		{C5F80730-F44F-4478-BDAE-6634EFC2CA88}.Debug|x86.ActiveCfg = Debug|Win32
		{C5F80730-F44F-4478-BDAE-6634EFC2CA88}.Debug|x86.Build.0 = Debug|Win32
		{C5F80730-F44F-4478-BDAE-6634EFC2CA88}.Release|x86.ActiveCfg = Release|Win32
		{C5F80730-F44F-4478-BDAE-6634EFC2CA88}.Release|x86.Build.0 = Release|Win32
		{7B967216-6015-4A67-8591-AAB624EBCA6F}.Debug|x86.ActiveCfg = Debug|Win32
		{7B967216-6015-4A67-8591-AAB624EBCA6F}.Debug|x86.Build.0 = Debug|Win32
		{7B967216-6015-4A67-8591-AAB624EBCA6F}.Release|x86.ActiveCfg = Release|Win32
		{7B967216-6015-4A67-8591-AAB624EBCA6F}.Release|x86.Build.0 = Release|Win32
		{AEEDA063-ECAE-4D0A-AB09-5E752CE3CB91}.Debug|x86.ActiveCfg = Debug|Win32
		{AEEDA063-ECAE-4D0A-AB09-5E752CE3CB91}.Debug|x86.Build.0 = Debug|Win32
		{AEEDA063-ECAE-4D0A-AB09-5E752CE3CB91}.Release|x86.ActiveCfg = Release|Win32
		{AEEDA063-ECAE-4D0A-AB09-5E752CE3CB91}.Release|x86.Build.0 = Release|Win32
	EndGlobalSection
	GlobalSection(SolutionProperties) = preSolution
		HideSolutionNode = FALSE
	EndGlobalSection
	GlobalSection(ExtensibilityGlobals) = postSolution
		SolutionGuid = {0CB4FF0C-ABFD-4537-AFBC-E3068C717751}
	EndGlobalSection
EndGlobal
